// !$*UTF8*$!
{
	archiveVersion = 1;
	classes = {
	};
	objectVersion = 56;
	objects = {

/* Begin PBXBuildFile section */
		6052F15E2985BDD4001BCBCF /* ArduinoBluetoothHelper.swift in Sources */ = {isa = PBXBuildFile; fileRef = 6052F15D2985BDD4001BCBCF /* ArduinoBluetoothHelper.swift */; };
		60E6F333298587B100E443A3 /* AppDelegate.swift in Sources */ = {isa = PBXBuildFile; fileRef = 60E6F332298587B100E443A3 /* AppDelegate.swift */; };
		60E6F335298587B100E443A3 /* SceneDelegate.swift in Sources */ = {isa = PBXBuildFile; fileRef = 60E6F334298587B100E443A3 /* SceneDelegate.swift */; };
		60E6F337298587B100E443A3 /* MainView.swift in Sources */ = {isa = PBXBuildFile; fileRef = 60E6F336298587B100E443A3 /* MainView.swift */; };
		60E6F33A298587B100E443A3 /* Main.storyboard in Resources */ = {isa = PBXBuildFile; fileRef = 60E6F338298587B100E443A3 /* Main.storyboard */; };
		60E6F33C298587B300E443A3 /* Assets.xcassets in Resources */ = {isa = PBXBuildFile; fileRef = 60E6F33B298587B300E443A3 /* Assets.xcassets */; };
		60E6F33F298587B300E443A3 /* LaunchScreen.storyboard in Resources */ = {isa = PBXBuildFile; fileRef = 60E6F33D298587B300E443A3 /* LaunchScreen.storyboard */; };
		60E6F34A298587B300E443A3 /* BurhaclineTests.swift in Sources */ = {isa = PBXBuildFile; fileRef = 60E6F349298587B300E443A3 /* BurhaclineTests.swift */; };
		60E6F354298587B300E443A3 /* BurhaclineUITests.swift in Sources */ = {isa = PBXBuildFile; fileRef = 60E6F353298587B300E443A3 /* BurhaclineUITests.swift */; };
		60E6F356298587B300E443A3 /* BurhaclineUITestsLaunchTests.swift in Sources */ = {isa = PBXBuildFile; fileRef = 60E6F355298587B300E443A3 /* BurhaclineUITestsLaunchTests.swift */; };
/* End PBXBuildFile section */

/* Begin PBXContainerItemProxy section */
		60E6F346298587B300E443A3 /* PBXContainerItemProxy */ = {
			isa = PBXContainerItemProxy;
			containerPortal = 60E6F327298587B100E443A3 /* Project object */;
			proxyType = 1;
			remoteGlobalIDString = 60E6F32E298587B100E443A3;
			remoteInfo = Burhacline;
		};
		60E6F350298587B300E443A3 /* PBXContainerItemProxy */ = {
			isa = PBXContainerItemProxy;
			containerPortal = 60E6F327298587B100E443A3 /* Project object */;
			proxyType = 1;
			remoteGlobalIDString = 60E6F32E298587B100E443A3;
			remoteInfo = Burhacline;
		};
/* End PBXContainerItemProxy section */

/* Begin PBXFileReference section */
		6052F15D2985BDD4001BCBCF /* ArduinoBluetoothHelper.swift */ = {isa = PBXFileReference; fileEncoding = 4; lastKnownFileType = sourcecode.swift; path = ArduinoBluetoothHelper.swift; sourceTree = "<group>"; };
		60E6F32F298587B100E443A3 /* Burhacline.app */ = {isa = PBXFileReference; explicitFileType = wrapper.application; includeInIndex = 0; path = Burhacline.app; sourceTree = BUILT_PRODUCTS_DIR; };
		60E6F332298587B100E443A3 /* AppDelegate.swift */ = {isa = PBXFileReference; lastKnownFileType = sourcecode.swift; path = AppDelegate.swift; sourceTree = "<group>"; };
		60E6F334298587B100E443A3 /* SceneDelegate.swift */ = {isa = PBXFileReference; lastKnownFileType = sourcecode.swift; path = SceneDelegate.swift; sourceTree = "<group>"; };
		60E6F336298587B100E443A3 /* MainView.swift */ = {isa = PBXFileReference; lastKnownFileType = sourcecode.swift; path = MainView.swift; sourceTree = "<group>"; };
		60E6F339298587B100E443A3 /* Base */ = {isa = PBXFileReference; lastKnownFileType = file.storyboard; name = Base; path = Base.lproj/Main.storyboard; sourceTree = "<group>"; };
		60E6F33B298587B300E443A3 /* Assets.xcassets */ = {isa = PBXFileReference; lastKnownFileType = folder.assetcatalog; path = Assets.xcassets; sourceTree = "<group>"; };
		60E6F33E298587B300E443A3 /* Base */ = {isa = PBXFileReference; lastKnownFileType = file.storyboard; name = Base; path = Base.lproj/LaunchScreen.storyboard; sourceTree = "<group>"; };
		60E6F340298587B300E443A3 /* Info.plist */ = {isa = PBXFileReference; lastKnownFileType = text.plist.xml; path = Info.plist; sourceTree = "<group>"; };
		60E6F345298587B300E443A3 /* BurhaclineTests.xctest */ = {isa = PBXFileReference; explicitFileType = wrapper.cfbundle; includeInIndex = 0; path = BurhaclineTests.xctest; sourceTree = BUILT_PRODUCTS_DIR; };
		60E6F349298587B300E443A3 /* BurhaclineTests.swift */ = {isa = PBXFileReference; lastKnownFileType = sourcecode.swift; path = BurhaclineTests.swift; sourceTree = "<group>"; };
		60E6F34F298587B300E443A3 /* BurhaclineUITests.xctest */ = {isa = PBXFileReference; explicitFileType = wrapper.cfbundle; includeInIndex = 0; path = BurhaclineUITests.xctest; sourceTree = BUILT_PRODUCTS_DIR; };
		60E6F353298587B300E443A3 /* BurhaclineUITests.swift */ = {isa = PBXFileReference; lastKnownFileType = sourcecode.swift; path = BurhaclineUITests.swift; sourceTree = "<group>"; };
		60E6F355298587B300E443A3 /* BurhaclineUITestsLaunchTests.swift */ = {isa = PBXFileReference; lastKnownFileType = sourcecode.swift; path = BurhaclineUITestsLaunchTests.swift; sourceTree = "<group>"; };
/* End PBXFileReference section */

/* Begin PBXFrameworksBuildPhase section */
		60E6F32C298587B100E443A3 /* Frameworks */ = {
			isa = PBXFrameworksBuildPhase;
			buildActionMask = 2147483647;
			files = (
			);
			runOnlyForDeploymentPostprocessing = 0;
		};
		60E6F342298587B300E443A3 /* Frameworks */ = {
			isa = PBXFrameworksBuildPhase;
			buildActionMask = 2147483647;
			files = (
			);
			runOnlyForDeploymentPostprocessing = 0;
		};
		60E6F34C298587B300E443A3 /* Frameworks */ = {
			isa = PBXFrameworksBuildPhase;
			buildActionMask = 2147483647;
			files = (
			);
			runOnlyForDeploymentPostprocessing = 0;
		};
/* End PBXFrameworksBuildPhase section */

/* Begin PBXGroup section */
		60E6F326298587B100E443A3 = {
			isa = PBXGroup;
			children = (
				60E6F331298587B100E443A3 /* Burhacline */,
				60E6F348298587B300E443A3 /* BurhaclineTests */,
				60E6F352298587B300E443A3 /* BurhaclineUITests */,
				60E6F330298587B100E443A3 /* Products */,
			);
			sourceTree = "<group>";
		};
		60E6F330298587B100E443A3 /* Products */ = {
			isa = PBXGroup;
			children = (
				60E6F32F298587B100E443A3 /* Burhacline.app */,
				60E6F345298587B300E443A3 /* BurhaclineTests.xctest */,
				60E6F34F298587B300E443A3 /* BurhaclineUITests.xctest */,
			);
			name = Products;
			sourceTree = "<group>";
		};
		60E6F331298587B100E443A3 /* Burhacline */ = {
			isa = PBXGroup;
			children = (
				60E6F367298588B500E443A3 /* Services */,
				60E6F3632985882E00E443A3 /* Views */,
				60E6F340298587B300E443A3 /* Info.plist */,
				60E6F33B298587B300E443A3 /* Assets.xcassets */,
				60E6F3642985885700E443A3 /* Delegates */,
			);
			path = Burhacline;
			sourceTree = "<group>";
		};
		60E6F348298587B300E443A3 /* BurhaclineTests */ = {
			isa = PBXGroup;
			children = (
				60E6F349298587B300E443A3 /* BurhaclineTests.swift */,
			);
			path = BurhaclineTests;
			sourceTree = "<group>";
		};
		60E6F352298587B300E443A3 /* BurhaclineUITests */ = {
			isa = PBXGroup;
			children = (
				60E6F353298587B300E443A3 /* BurhaclineUITests.swift */,
				60E6F355298587B300E443A3 /* BurhaclineUITestsLaunchTests.swift */,
			);
			path = BurhaclineUITests;
			sourceTree = "<group>";
		};
		60E6F3622985881300E443A3 /* Controllers */ = {
			isa = PBXGroup;
			children = (
				60E6F336298587B100E443A3 /* MainView.swift */,
			);
			path = Controllers;
			sourceTree = "<group>";
		};
		60E6F3632985882E00E443A3 /* Views */ = {
			isa = PBXGroup;
			children = (
				60E6F338298587B100E443A3 /* Main.storyboard */,
				60E6F33D298587B300E443A3 /* LaunchScreen.storyboard */,
				60E6F3622985881300E443A3 /* Controllers */,
			);
			path = Views;
			sourceTree = "<group>";
		};
		60E6F3642985885700E443A3 /* Delegates */ = {
			isa = PBXGroup;
			children = (
				60E6F332298587B100E443A3 /* AppDelegate.swift */,
				60E6F334298587B100E443A3 /* SceneDelegate.swift */,
			);
			path = Delegates;
			sourceTree = "<group>";
		};
		60E6F367298588B500E443A3 /* Services */ = {
			isa = PBXGroup;
			children = (
				6052F15D2985BDD4001BCBCF /* ArduinoBluetoothHelper.swift */,
			);
			path = Services;
			sourceTree = "<group>";
		};
/* End PBXGroup section */

/* Begin PBXNativeTarget section */
		60E6F32E298587B100E443A3 /* Burhacline */ = {
			isa = PBXNativeTarget;
			buildConfigurationList = 60E6F359298587B300E443A3 /* Build configuration list for PBXNativeTarget "Burhacline" */;
			buildPhases = (
				60E6F32B298587B100E443A3 /* Sources */,
				60E6F32C298587B100E443A3 /* Frameworks */,
				60E6F32D298587B100E443A3 /* Resources */,
			);
			buildRules = (
			);
			dependencies = (
			);
			name = Burhacline;
			productName = Burhacline;
			productReference = 60E6F32F298587B100E443A3 /* Burhacline.app */;
			productType = "com.apple.product-type.application";
		};
		60E6F344298587B300E443A3 /* BurhaclineTests */ = {
			isa = PBXNativeTarget;
			buildConfigurationList = 60E6F35C298587B300E443A3 /* Build configuration list for PBXNativeTarget "BurhaclineTests" */;
			buildPhases = (
				60E6F341298587B300E443A3 /* Sources */,
				60E6F342298587B300E443A3 /* Frameworks */,
				60E6F343298587B300E443A3 /* Resources */,
			);
			buildRules = (
			);
			dependencies = (
				60E6F347298587B300E443A3 /* PBXTargetDependency */,
			);
			name = BurhaclineTests;
			productName = BurhaclineTests;
			productReference = 60E6F345298587B300E443A3 /* BurhaclineTests.xctest */;
			productType = "com.apple.product-type.bundle.unit-test";
		};
		60E6F34E298587B300E443A3 /* BurhaclineUITests */ = {
			isa = PBXNativeTarget;
			buildConfigurationList = 60E6F35F298587B300E443A3 /* Build configuration list for PBXNativeTarget "BurhaclineUITests" */;
			buildPhases = (
				60E6F34B298587B300E443A3 /* Sources */,
				60E6F34C298587B300E443A3 /* Frameworks */,
				60E6F34D298587B300E443A3 /* Resources */,
			);
			buildRules = (
			);
			dependencies = (
				60E6F351298587B300E443A3 /* PBXTargetDependency */,
			);
			name = BurhaclineUITests;
			productName = BurhaclineUITests;
			productReference = 60E6F34F298587B300E443A3 /* BurhaclineUITests.xctest */;
			productType = "com.apple.product-type.bundle.ui-testing";
		};
/* End PBXNativeTarget section */

/* Begin PBXProject section */
		60E6F327298587B100E443A3 /* Project object */ = {
			isa = PBXProject;
			attributes = {
				BuildIndependentTargetsInParallel = 1;
				LastSwiftUpdateCheck = 1420;
				LastUpgradeCheck = 1420;
				TargetAttributes = {
					60E6F32E298587B100E443A3 = {
						CreatedOnToolsVersion = 14.2;
					};
					60E6F344298587B300E443A3 = {
						CreatedOnToolsVersion = 14.2;
						TestTargetID = 60E6F32E298587B100E443A3;
					};
					60E6F34E298587B300E443A3 = {
						CreatedOnToolsVersion = 14.2;
						TestTargetID = 60E6F32E298587B100E443A3;
					};
				};
			};
			buildConfigurationList = 60E6F32A298587B100E443A3 /* Build configuration list for PBXProject "Burhacline" */;
			compatibilityVersion = "Xcode 14.0";
			developmentRegion = en;
			hasScannedForEncodings = 0;
			knownRegions = (
				en,
				Base,
			);
			mainGroup = 60E6F326298587B100E443A3;
			productRefGroup = 60E6F330298587B100E443A3 /* Products */;
			projectDirPath = "";
			projectRoot = "";
			targets = (
				60E6F32E298587B100E443A3 /* Burhacline */,
				60E6F344298587B300E443A3 /* BurhaclineTests */,
				60E6F34E298587B300E443A3 /* BurhaclineUITests */,
			);
		};
/* End PBXProject section */

/* Begin PBXResourcesBuildPhase section */
		60E6F32D298587B100E443A3 /* Resources */ = {
			isa = PBXResourcesBuildPhase;
			buildActionMask = 2147483647;
			files = (
				60E6F33F298587B300E443A3 /* LaunchScreen.storyboard in Resources */,
				60E6F33C298587B300E443A3 /* Assets.xcassets in Resources */,
				60E6F33A298587B100E443A3 /* Main.storyboard in Resources */,
			);
			runOnlyForDeploymentPostprocessing = 0;
		};
		60E6F343298587B300E443A3 /* Resources */ = {
			isa = PBXResourcesBuildPhase;
			buildActionMask = 2147483647;
			files = (
			);
			runOnlyForDeploymentPostprocessing = 0;
		};
		60E6F34D298587B300E443A3 /* Resources */ = {
			isa = PBXResourcesBuildPhase;
			buildActionMask = 2147483647;
			files = (
			);
			runOnlyForDeploymentPostprocessing = 0;
		};
/* End PBXResourcesBuildPhase section */

/* Begin PBXSourcesBuildPhase section */
		60E6F32B298587B100E443A3 /* Sources */ = {
			isa = PBXSourcesBuildPhase;
			buildActionMask = 2147483647;
			files = (
				60E6F337298587B100E443A3 /* MainView.swift in Sources */,
				60E6F333298587B100E443A3 /* AppDelegate.swift in Sources */,
				60E6F335298587B100E443A3 /* SceneDelegate.swift in Sources */,
				6052F15E2985BDD4001BCBCF /* ArduinoBluetoothHelper.swift in Sources */,
			);
			runOnlyForDeploymentPostprocessing = 0;
		};
		60E6F341298587B300E443A3 /* Sources */ = {
			isa = PBXSourcesBuildPhase;
			buildActionMask = 2147483647;
			files = (
				60E6F34A298587B300E443A3 /* BurhaclineTests.swift in Sources */,
			);
			runOnlyForDeploymentPostprocessing = 0;
		};
		60E6F34B298587B300E443A3 /* Sources */ = {
			isa = PBXSourcesBuildPhase;
			buildActionMask = 2147483647;
			files = (
				60E6F354298587B300E443A3 /* BurhaclineUITests.swift in Sources */,
				60E6F356298587B300E443A3 /* BurhaclineUITestsLaunchTests.swift in Sources */,
			);
			runOnlyForDeploymentPostprocessing = 0;
		};
/* End PBXSourcesBuildPhase section */

/* Begin PBXTargetDependency section */
		60E6F347298587B300E443A3 /* PBXTargetDependency */ = {
			isa = PBXTargetDependency;
			target = 60E6F32E298587B100E443A3 /* Burhacline */;
			targetProxy = 60E6F346298587B300E443A3 /* PBXContainerItemProxy */;
		};
		60E6F351298587B300E443A3 /* PBXTargetDependency */ = {
			isa = PBXTargetDependency;
			target = 60E6F32E298587B100E443A3 /* Burhacline */;
			targetProxy = 60E6F350298587B300E443A3 /* PBXContainerItemProxy */;
		};
/* End PBXTargetDependency section */

/* Begin PBXVariantGroup section */
		60E6F338298587B100E443A3 /* Main.storyboard */ = {
			isa = PBXVariantGroup;
			children = (
				60E6F339298587B100E443A3 /* Base */,
			);
			name = Main.storyboard;
			sourceTree = "<group>";
		};
		60E6F33D298587B300E443A3 /* LaunchScreen.storyboard */ = {
			isa = PBXVariantGroup;
			children = (
				60E6F33E298587B300E443A3 /* Base */,
			);
			name = LaunchScreen.storyboard;
			sourceTree = "<group>";
		};
/* End PBXVariantGroup section */

/* Begin XCBuildConfiguration section */
		60E6F357298587B300E443A3 /* Debug */ = {
			isa = XCBuildConfiguration;
			buildSettings = {
				ALWAYS_SEARCH_USER_PATHS = NO;
				CLANG_ANALYZER_NONNULL = YES;
				CLANG_ANALYZER_NUMBER_OBJECT_CONVERSION = YES_AGGRESSIVE;
				CLANG_CXX_LANGUAGE_STANDARD = "gnu++20";
				CLANG_ENABLE_MODULES = YES;
				CLANG_ENABLE_OBJC_ARC = YES;
				CLANG_ENABLE_OBJC_WEAK = YES;
				CLANG_WARN_BLOCK_CAPTURE_AUTORELEASING = YES;
				CLANG_WARN_BOOL_CONVERSION = YES;
				CLANG_WARN_COMMA = YES;
				CLANG_WARN_CONSTANT_CONVERSION = YES;
				CLANG_WARN_DEPRECATED_OBJC_IMPLEMENTATIONS = YES;
				CLANG_WARN_DIRECT_OBJC_ISA_USAGE = YES_ERROR;
				CLANG_WARN_DOCUMENTATION_COMMENTS = YES;
				CLANG_WARN_EMPTY_BODY = YES;
				CLANG_WARN_ENUM_CONVERSION = YES;
				CLANG_WARN_INFINITE_RECURSION = YES;
				CLANG_WARN_INT_CONVERSION = YES;
				CLANG_WARN_NON_LITERAL_NULL_CONVERSION = YES;
				CLANG_WARN_OBJC_IMPLICIT_RETAIN_SELF = YES;
				CLANG_WARN_OBJC_LITERAL_CONVERSION = YES;
				CLANG_WARN_OBJC_ROOT_CLASS = YES_ERROR;
				CLANG_WARN_QUOTED_INCLUDE_IN_FRAMEWORK_HEADER = YES;
				CLANG_WARN_RANGE_LOOP_ANALYSIS = YES;
				CLANG_WARN_STRICT_PROTOTYPES = YES;
				CLANG_WARN_SUSPICIOUS_MOVE = YES;
				CLANG_WARN_UNGUARDED_AVAILABILITY = YES_AGGRESSIVE;
				CLANG_WARN_UNREACHABLE_CODE = YES;
				CLANG_WARN__DUPLICATE_METHOD_MATCH = YES;
				COPY_PHASE_STRIP = NO;
				DEBUG_INFORMATION_FORMAT = dwarf;
				ENABLE_STRICT_OBJC_MSGSEND = YES;
				ENABLE_TESTABILITY = YES;
				GCC_C_LANGUAGE_STANDARD = gnu11;
				GCC_DYNAMIC_NO_PIC = NO;
				GCC_NO_COMMON_BLOCKS = YES;
				GCC_OPTIMIZATION_LEVEL = 0;
				GCC_PREPROCESSOR_DEFINITIONS = (
					"DEBUG=1",
					"$(inherited)",
				);
				GCC_WARN_64_TO_32_BIT_CONVERSION = YES;
				GCC_WARN_ABOUT_RETURN_TYPE = YES_ERROR;
				GCC_WARN_UNDECLARED_SELECTOR = YES;
				GCC_WARN_UNINITIALIZED_AUTOS = YES_AGGRESSIVE;
				GCC_WARN_UNUSED_FUNCTION = YES;
				GCC_WARN_UNUSED_VARIABLE = YES;
				IPHONEOS_DEPLOYMENT_TARGET = 16.2;
				MTL_ENABLE_DEBUG_INFO = INCLUDE_SOURCE;
				MTL_FAST_MATH = YES;
				ONLY_ACTIVE_ARCH = YES;
				SDKROOT = iphoneos;
				SWIFT_ACTIVE_COMPILATION_CONDITIONS = DEBUG;
				SWIFT_OPTIMIZATION_LEVEL = "-Onone";
			};
			name = Debug;
		};
		60E6F358298587B300E443A3 /* Release */ = {
			isa = XCBuildConfiguration;
			buildSettings = {
				ALWAYS_SEARCH_USER_PATHS = NO;
				CLANG_ANALYZER_NONNULL = YES;
				CLANG_ANALYZER_NUMBER_OBJECT_CONVERSION = YES_AGGRESSIVE;
				CLANG_CXX_LANGUAGE_STANDARD = "gnu++20";
				CLANG_ENABLE_MODULES = YES;
				CLANG_ENABLE_OBJC_ARC = YES;
				CLANG_ENABLE_OBJC_WEAK = YES;
				CLANG_WARN_BLOCK_CAPTURE_AUTORELEASING = YES;
				CLANG_WARN_BOOL_CONVERSION = YES;
				CLANG_WARN_COMMA = YES;
				CLANG_WARN_CONSTANT_CONVERSION = YES;
				CLANG_WARN_DEPRECATED_OBJC_IMPLEMENTATIONS = YES;
				CLANG_WARN_DIRECT_OBJC_ISA_USAGE = YES_ERROR;
				CLANG_WARN_DOCUMENTATION_COMMENTS = YES;
				CLANG_WARN_EMPTY_BODY = YES;
				CLANG_WARN_ENUM_CONVERSION = YES;
				CLANG_WARN_INFINITE_RECURSION = YES;
				CLANG_WARN_INT_CONVERSION = YES;
				CLANG_WARN_NON_LITERAL_NULL_CONVERSION = YES;
				CLANG_WARN_OBJC_IMPLICIT_RETAIN_SELF = YES;
				CLANG_WARN_OBJC_LITERAL_CONVERSION = YES;
				CLANG_WARN_OBJC_ROOT_CLASS = YES_ERROR;
				CLANG_WARN_QUOTED_INCLUDE_IN_FRAMEWORK_HEADER = YES;
				CLANG_WARN_RANGE_LOOP_ANALYSIS = YES;
				CLANG_WARN_STRICT_PROTOTYPES = YES;
				CLANG_WARN_SUSPICIOUS_MOVE = YES;
				CLANG_WARN_UNGUARDED_AVAILABILITY = YES_AGGRESSIVE;
				CLANG_WARN_UNREACHABLE_CODE = YES;
				CLANG_WARN__DUPLICATE_METHOD_MATCH = YES;
				COPY_PHASE_STRIP = NO;
				DEBUG_INFORMATION_FORMAT = "dwarf-with-dsym";
				ENABLE_NS_ASSERTIONS = NO;
				ENABLE_STRICT_OBJC_MSGSEND = YES;
				GCC_C_LANGUAGE_STANDARD = gnu11;
				GCC_NO_COMMON_BLOCKS = YES;
				GCC_WARN_64_TO_32_BIT_CONVERSION = YES;
				GCC_WARN_ABOUT_RETURN_TYPE = YES_ERROR;
				GCC_WARN_UNDECLARED_SELECTOR = YES;
				GCC_WARN_UNINITIALIZED_AUTOS = YES_AGGRESSIVE;
				GCC_WARN_UNUSED_FUNCTION = YES;
				GCC_WARN_UNUSED_VARIABLE = YES;
				IPHONEOS_DEPLOYMENT_TARGET = 16.2;
				MTL_ENABLE_DEBUG_INFO = NO;
				MTL_FAST_MATH = YES;
				SDKROOT = iphoneos;
				SWIFT_COMPILATION_MODE = wholemodule;
				SWIFT_OPTIMIZATION_LEVEL = "-O";
				VALIDATE_PRODUCT = YES;
			};
			name = Release;
		};
		60E6F35A298587B300E443A3 /* Debug */ = {
			isa = XCBuildConfiguration;
			buildSettings = {
				ASSETCATALOG_COMPILER_APPICON_NAME = AppIcon;
				ASSETCATALOG_COMPILER_GLOBAL_ACCENT_COLOR_NAME = AccentColor;
				CODE_SIGN_STYLE = Automatic;
				CURRENT_PROJECT_VERSION = 1;
				DEVELOPMENT_TEAM = R2HYM77JZB;
				GENERATE_INFOPLIST_FILE = YES;
				INFOPLIST_FILE = Burhacline/Info.plist;
				INFOPLIST_KEY_UIApplicationSupportsIndirectInputEvents = YES;
				INFOPLIST_KEY_UILaunchStoryboardName = LaunchScreen;
				INFOPLIST_KEY_UIMainStoryboardFile = Main;
				INFOPLIST_KEY_UIStatusBarStyle = UIStatusBarStyleLightContent;
				INFOPLIST_KEY_UISupportedInterfaceOrientations = UIInterfaceOrientationPortrait;
				INFOPLIST_KEY_UISupportedInterfaceOrientations_iPad = "UIInterfaceOrientationLandscapeLeft UIInterfaceOrientationLandscapeRight UIInterfaceOrientationPortrait UIInterfaceOrientationPortraitUpsideDown";
				IPHONEOS_DEPLOYMENT_TARGET = 15.3;
				LD_RUNPATH_SEARCH_PATHS = (
					"$(inherited)",
					"@executable_path/Frameworks",
				);
				MARKETING_VERSION = 1.0;
				PRODUCT_BUNDLE_IDENTIFIER = com.burakaltunoluk.Burhacline.Burhacline;
				PRODUCT_NAME = "$(TARGET_NAME)";
				SUPPORTED_PLATFORMS = "iphoneos iphonesimulator";
				SUPPORTS_MACCATALYST = NO;
				SUPPORTS_MAC_DESIGNED_FOR_IPHONE_IPAD = NO;
				SWIFT_EMIT_LOC_STRINGS = YES;
				SWIFT_VERSION = 5.0;
				TARGETED_DEVICE_FAMILY = 1;
			};
			name = Debug;
		};
		60E6F35B298587B300E443A3 /* Release */ = {
			isa = XCBuildConfiguration;
			buildSettings = {
				ASSETCATALOG_COMPILER_APPICON_NAME = AppIcon;
				ASSETCATALOG_COMPILER_GLOBAL_ACCENT_COLOR_NAME = AccentColor;
				CODE_SIGN_STYLE = Automatic;
				CURRENT_PROJECT_VERSION = 1;
				DEVELOPMENT_TEAM = R2HYM77JZB;
				GENERATE_INFOPLIST_FILE = YES;
				INFOPLIST_FILE = Burhacline/Info.plist;
				INFOPLIST_KEY_UIApplicationSupportsIndirectInputEvents = YES;
				INFOPLIST_KEY_UILaunchStoryboardName = LaunchScreen;
				INFOPLIST_KEY_UIMainStoryboardFile = Main;
				INFOPLIST_KEY_UIStatusBarStyle = UIStatusBarStyleLightContent;
				INFOPLIST_KEY_UISupportedInterfaceOrientations = UIInterfaceOrientationPortrait;
				INFOPLIST_KEY_UISupportedInterfaceOrientations_iPad = "UIInterfaceOrientationLandscapeLeft UIInterfaceOrientationLandscapeRight UIInterfaceOrientationPortrait UIInterfaceOrientationPortraitUpsideDown";
				IPHONEOS_DEPLOYMENT_TARGET = 15.3;
				LD_RUNPATH_SEARCH_PATHS = (
					"$(inherited)",
					"@executable_path/Frameworks",
				);
				MARKETING_VERSION = 1.0;
				PRODUCT_BUNDLE_IDENTIFIER = com.burakaltunoluk.Burhacline.Burhacline;
				PRODUCT_NAME = "$(TARGET_NAME)";
				SUPPORTED_PLATFORMS = "iphoneos iphonesimulator";
				SUPPORTS_MACCATALYST = NO;
				SUPPORTS_MAC_DESIGNED_FOR_IPHONE_IPAD = NO;
				SWIFT_EMIT_LOC_STRINGS = YES;
				SWIFT_VERSION = 5.0;
				TARGETED_DEVICE_FAMILY = 1;
			};
			name = Release;
		};
		60E6F35D298587B300E443A3 /* Debug */ = {
			isa = XCBuildConfiguration;
			buildSettings = {
				ALWAYS_EMBED_SWIFT_STANDARD_LIBRARIES = YES;
				BUNDLE_LOADER = "$(TEST_HOST)";
				CODE_SIGN_STYLE = Automatic;
				CURRENT_PROJECT_VERSION = 1;
				DEVELOPMENT_TEAM = R2HYM77JZB;
				GENERATE_INFOPLIST_FILE = YES;
				IPHONEOS_DEPLOYMENT_TARGET = 16.2;
				MARKETING_VERSION = 1.0;
				PRODUCT_BUNDLE_IDENTIFIER = com.burakaltunoluk.Burhacline.BurhaclineTests;
				PRODUCT_NAME = "$(TARGET_NAME)";
				SWIFT_EMIT_LOC_STRINGS = NO;
				SWIFT_VERSION = 5.0;
				TARGETED_DEVICE_FAMILY = "1,2";
				TEST_HOST = "$(BUILT_PRODUCTS_DIR)/Burhacline.app/$(BUNDLE_EXECUTABLE_FOLDER_PATH)/Burhacline";
			};
			name = Debug;
		};
		60E6F35E298587B300E443A3 /* Release */ = {
			isa = XCBuildConfiguration;
			buildSettings = {
				ALWAYS_EMBED_SWIFT_STANDARD_LIBRARIES = YES;
				BUNDLE_LOADER = "$(TEST_HOST)";
				CODE_SIGN_STYLE = Automatic;
				CURRENT_PROJECT_VERSION = 1;
				DEVELOPMENT_TEAM = R2HYM77JZB;
				GENERATE_INFOPLIST_FILE = YES;
				IPHONEOS_DEPLOYMENT_TARGET = 16.2;
				MARKETING_VERSION = 1.0;
				PRODUCT_BUNDLE_IDENTIFIER = com.burakaltunoluk.Burhacline.BurhaclineTests;
				PRODUCT_NAME = "$(TARGET_NAME)";
				SWIFT_EMIT_LOC_STRINGS = NO;
				SWIFT_VERSION = 5.0;
				TARGETED_DEVICE_FAMILY = "1,2";
				TEST_HOST = "$(BUILT_PRODUCTS_DIR)/Burhacline.app/$(BUNDLE_EXECUTABLE_FOLDER_PATH)/Burhacline";
			};
			name = Release;
		};
		60E6F360298587B300E443A3 /* Debug */ = {
			isa = XCBuildConfiguration;
			buildSettings = {
				ALWAYS_EMBED_SWIFT_STANDARD_LIBRARIES = YES;
				CODE_SIGN_STYLE = Automatic;
				CURRENT_PROJECT_VERSION = 1;
				DEVELOPMENT_TEAM = R2HYM77JZB;
				GENERATE_INFOPLIST_FILE = YES;
				MARKETING_VERSION = 1.0;
				PRODUCT_BUNDLE_IDENTIFIER = com.burakaltunoluk.Burhacline.BurhaclineUITests;
				PRODUCT_NAME = "$(TARGET_NAME)";
				SWIFT_EMIT_LOC_STRINGS = NO;
				SWIFT_VERSION = 5.0;
				TARGETED_DEVICE_FAMILY = "1,2";
				TEST_TARGET_NAME = Burhacline;
			};
			name = Debug;
		};
		60E6F361298587B300E443A3 /* Release */ = {
			isa = XCBuildConfiguration;
			buildSettings = {
				ALWAYS_EMBED_SWIFT_STANDARD_LIBRARIES = YES;
				CODE_SIGN_STYLE = Automatic;
				CURRENT_PROJECT_VERSION = 1;
				DEVELOPMENT_TEAM = R2HYM77JZB;
				GENERATE_INFOPLIST_FILE = YES;
				MARKETING_VERSION = 1.0;
				PRODUCT_BUNDLE_IDENTIFIER = com.burakaltunoluk.Burhacline.BurhaclineUITests;
				PRODUCT_NAME = "$(TARGET_NAME)";
				SWIFT_EMIT_LOC_STRINGS = NO;
				SWIFT_VERSION = 5.0;
				TARGETED_DEVICE_FAMILY = "1,2";
				TEST_TARGET_NAME = Burhacline;
			};
			name = Release;
		};
/* End XCBuildConfiguration section */

/* Begin XCConfigurationList section */
		60E6F32A298587B100E443A3 /* Build configuration list for PBXProject "Burhacline" */ = {
			isa = XCConfigurationList;
			buildConfigurations = (
				60E6F357298587B300E443A3 /* Debug */,
				60E6F358298587B300E443A3 /* Release */,
			);
			defaultConfigurationIsVisible = 0;
			defaultConfigurationName = Release;
		};
		60E6F359298587B300E443A3 /* Build configuration list for PBXNativeTarget "Burhacline" */ = {
			isa = XCConfigurationList;
			buildConfigurations = (
				60E6F35A298587B300E443A3 /* Debug */,
				60E6F35B298587B300E443A3 /* Release */,
			);
			defaultConfigurationIsVisible = 0;
			defaultConfigurationName = Release;
		};
		60E6F35C298587B300E443A3 /* Build configuration list for PBXNativeTarget "BurhaclineTests" */ = {
			isa = XCConfigurationList;
			buildConfigurations = (
				60E6F35D298587B300E443A3 /* Debug */,
				60E6F35E298587B300E443A3 /* Release */,
			);
			defaultConfigurationIsVisible = 0;
			defaultConfigurationName = Release;
		};
		60E6F35F298587B300E443A3 /* Build configuration list for PBXNativeTarget "BurhaclineUITests" */ = {
			isa = XCConfigurationList;
			buildConfigurations = (
				60E6F360298587B300E443A3 /* Debug */,
				60E6F361298587B300E443A3 /* Release */,
			);
			defaultConfigurationIsVisible = 0;
			defaultConfigurationName = Release;
		};
/* End XCConfigurationList section */
	};
	rootObject = 60E6F327298587B100E443A3 /* Project object */;
}
